// !$*UTF8*$!
{
	archiveVersion = 1;
	classes = {
	};
	objectVersion = 46;
	objects = {

/* Begin PBXBuildFile section */
		CE0E432218D5011200B26E61 /* Foundation.framework in Frameworks */ = {isa = PBXBuildFile; fileRef = CE0E432118D5011200B26E61 /* Foundation.framework */; };
		CE0E432418D5011300B26E61 /* CoreGraphics.framework in Frameworks */ = {isa = PBXBuildFile; fileRef = CE0E432318D5011300B26E61 /* CoreGraphics.framework */; };
		CE0E432618D5011300B26E61 /* UIKit.framework in Frameworks */ = {isa = PBXBuildFile; fileRef = CE0E432518D5011300B26E61 /* UIKit.framework */; };
		CE0E432818D5011300B26E61 /* SpriteKit.framework in Frameworks */ = {isa = PBXBuildFile; fileRef = CE0E432718D5011300B26E61 /* SpriteKit.framework */; };
		CE0E432E18D5011300B26E61 /* InfoPlist.strings in Resources */ = {isa = PBXBuildFile; fileRef = CE0E432C18D5011300B26E61 /* InfoPlist.strings */; };
		CE0E433018D5011300B26E61 /* main.m in Sources */ = {isa = PBXBuildFile; fileRef = CE0E432F18D5011300B26E61 /* main.m */; };
		CE0E433418D5011300B26E61 /* AppDelegate.m in Sources */ = {isa = PBXBuildFile; fileRef = CE0E433318D5011300B26E61 /* AppDelegate.m */; };
		CE0E433718D5011300B26E61 /* Main_iPhone.storyboard in Resources */ = {isa = PBXBuildFile; fileRef = CE0E433518D5011300B26E61 /* Main_iPhone.storyboard */; };
		CE0E433A18D5011300B26E61 /* Main_iPad.storyboard in Resources */ = {isa = PBXBuildFile; fileRef = CE0E433818D5011300B26E61 /* Main_iPad.storyboard */; };
		CE0E433D18D5011300B26E61 /* ViewController.m in Sources */ = {isa = PBXBuildFile; fileRef = CE0E433C18D5011300B26E61 /* ViewController.m */; };
		CE0E434018D5011300B26E61 /* MyScene.m in Sources */ = {isa = PBXBuildFile; fileRef = CE0E433F18D5011300B26E61 /* MyScene.m */; };
		CE0E434218D5011300B26E61 /* Spaceship.png in Resources */ = {isa = PBXBuildFile; fileRef = CE0E434118D5011300B26E61 /* Spaceship.png */; };
		CE0E434418D5011300B26E61 /* Images.xcassets in Resources */ = {isa = PBXBuildFile; fileRef = CE0E434318D5011300B26E61 /* Images.xcassets */; };
		CE0E434B18D5011300B26E61 /* XCTest.framework in Frameworks */ = {isa = PBXBuildFile; fileRef = CE0E434A18D5011300B26E61 /* XCTest.framework */; };
		CE0E434C18D5011300B26E61 /* Foundation.framework in Frameworks */ = {isa = PBXBuildFile; fileRef = CE0E432118D5011200B26E61 /* Foundation.framework */; };
		CE0E434D18D5011300B26E61 /* UIKit.framework in Frameworks */ = {isa = PBXBuildFile; fileRef = CE0E432518D5011300B26E61 /* UIKit.framework */; };
		CE0E435518D5011300B26E61 /* InfoPlist.strings in Resources */ = {isa = PBXBuildFile; fileRef = CE0E435318D5011300B26E61 /* InfoPlist.strings */; };
		CE0E435718D5011300B26E61 /* Hungry_PenguinsTests.m in Sources */ = {isa = PBXBuildFile; fileRef = CE0E435618D5011300B26E61 /* Hungry_PenguinsTests.m */; };
/* End PBXBuildFile section */

/* Begin PBXContainerItemProxy section */
		CE0E434E18D5011300B26E61 /* PBXContainerItemProxy */ = {
			isa = PBXContainerItemProxy;
			containerPortal = CE0E431618D5011200B26E61 /* Project object */;
			proxyType = 1;
			remoteGlobalIDString = CE0E431D18D5011200B26E61;
			remoteInfo = "Hungry Penguins";
		};
/* End PBXContainerItemProxy section */

/* Begin PBXFileReference section */
		CE0E431E18D5011200B26E61 /* Hungry Penguins.app */ = {isa = PBXFileReference; explicitFileType = wrapper.application; includeInIndex = 0; path = "Hungry Penguins.app"; sourceTree = BUILT_PRODUCTS_DIR; };
		CE0E432118D5011200B26E61 /* Foundation.framework */ = {isa = PBXFileReference; lastKnownFileType = wrapper.framework; name = Foundation.framework; path = System/Library/Frameworks/Foundation.framework; sourceTree = SDKROOT; };
		CE0E432318D5011300B26E61 /* CoreGraphics.framework */ = {isa = PBXFileReference; lastKnownFileType = wrapper.framework; name = CoreGraphics.framework; path = System/Library/Frameworks/CoreGraphics.framework; sourceTree = SDKROOT; };
		CE0E432518D5011300B26E61 /* UIKit.framework */ = {isa = PBXFileReference; lastKnownFileType = wrapper.framework; name = UIKit.framework; path = System/Library/Frameworks/UIKit.framework; sourceTree = SDKROOT; };
		CE0E432718D5011300B26E61 /* SpriteKit.framework */ = {isa = PBXFileReference; lastKnownFileType = wrapper.framework; name = SpriteKit.framework; path = System/Library/Frameworks/SpriteKit.framework; sourceTree = SDKROOT; };
		CE0E432B18D5011300B26E61 /* Hungry Penguins-Info.plist */ = {isa = PBXFileReference; lastKnownFileType = text.plist.xml; path = "Hungry Penguins-Info.plist"; sourceTree = "<group>"; };
		CE0E432D18D5011300B26E61 /* en */ = {isa = PBXFileReference; lastKnownFileType = text.plist.strings; name = en; path = en.lproj/InfoPlist.strings; sourceTree = "<group>"; };
		CE0E432F18D5011300B26E61 /* main.m */ = {isa = PBXFileReference; lastKnownFileType = sourcecode.c.objc; path = main.m; sourceTree = "<group>"; };
		CE0E433118D5011300B26E61 /* Hungry Penguins-Prefix.pch */ = {isa = PBXFileReference; lastKnownFileType = sourcecode.c.h; path = "Hungry Penguins-Prefix.pch"; sourceTree = "<group>"; };
		CE0E433218D5011300B26E61 /* AppDelegate.h */ = {isa = PBXFileReference; lastKnownFileType = sourcecode.c.h; path = AppDelegate.h; sourceTree = "<group>"; };
		CE0E433318D5011300B26E61 /* AppDelegate.m */ = {isa = PBXFileReference; lastKnownFileType = sourcecode.c.objc; path = AppDelegate.m; sourceTree = "<group>"; };
		CE0E433618D5011300B26E61 /* Base */ = {isa = PBXFileReference; lastKnownFileType = file.storyboard; name = Base; path = Base.lproj/Main_iPhone.storyboard; sourceTree = "<group>"; };
		CE0E433918D5011300B26E61 /* Base */ = {isa = PBXFileReference; lastKnownFileType = file.storyboard; name = Base; path = Base.lproj/Main_iPad.storyboard; sourceTree = "<group>"; };
		CE0E433B18D5011300B26E61 /* ViewController.h */ = {isa = PBXFileReference; lastKnownFileType = sourcecode.c.h; path = ViewController.h; sourceTree = "<group>"; };
		CE0E433C18D5011300B26E61 /* ViewController.m */ = {isa = PBXFileReference; lastKnownFileType = sourcecode.c.objc; path = ViewController.m; sourceTree = "<group>"; };
		CE0E433E18D5011300B26E61 /* MyScene.h */ = {isa = PBXFileReference; lastKnownFileType = sourcecode.c.h; path = MyScene.h; sourceTree = "<group>"; };
		CE0E433F18D5011300B26E61 /* MyScene.m */ = {isa = PBXFileReference; lastKnownFileType = sourcecode.c.objc; path = MyScene.m; sourceTree = "<group>"; };
		CE0E434118D5011300B26E61 /* Spaceship.png */ = {isa = PBXFileReference; lastKnownFileType = image.png; path = Spaceship.png; sourceTree = "<group>"; };
		CE0E434318D5011300B26E61 /* Images.xcassets */ = {isa = PBXFileReference; lastKnownFileType = folder.assetcatalog; path = Images.xcassets; sourceTree = "<group>"; };
		CE0E434918D5011300B26E61 /* Hungry PenguinsTests.xctest */ = {isa = PBXFileReference; explicitFileType = wrapper.cfbundle; includeInIndex = 0; path = "Hungry PenguinsTests.xctest"; sourceTree = BUILT_PRODUCTS_DIR; };
		CE0E434A18D5011300B26E61 /* XCTest.framework */ = {isa = PBXFileReference; lastKnownFileType = wrapper.framework; name = XCTest.framework; path = Library/Frameworks/XCTest.framework; sourceTree = DEVELOPER_DIR; };
		CE0E435218D5011300B26E61 /* Hungry PenguinsTests-Info.plist */ = {isa = PBXFileReference; lastKnownFileType = text.plist.xml; path = "Hungry PenguinsTests-Info.plist"; sourceTree = "<group>"; };
		CE0E435418D5011300B26E61 /* en */ = {isa = PBXFileReference; lastKnownFileType = text.plist.strings; name = en; path = en.lproj/InfoPlist.strings; sourceTree = "<group>"; };
		CE0E435618D5011300B26E61 /* Hungry_PenguinsTests.m */ = {isa = PBXFileReference; lastKnownFileType = sourcecode.c.objc; path = Hungry_PenguinsTests.m; sourceTree = "<group>"; };
/* End PBXFileReference section */

/* Begin PBXFrameworksBuildPhase section */
		CE0E431B18D5011200B26E61 /* Frameworks */ = {
			isa = PBXFrameworksBuildPhase;
			buildActionMask = 2147483647;
			files = (
				CE0E432418D5011300B26E61 /* CoreGraphics.framework in Frameworks */,
				CE0E432618D5011300B26E61 /* UIKit.framework in Frameworks */,
				CE0E432818D5011300B26E61 /* SpriteKit.framework in Frameworks */,
				CE0E432218D5011200B26E61 /* Foundation.framework in Frameworks */,
			);
			runOnlyForDeploymentPostprocessing = 0;
		};
		CE0E434618D5011300B26E61 /* Frameworks */ = {
			isa = PBXFrameworksBuildPhase;
			buildActionMask = 2147483647;
			files = (
				CE0E434B18D5011300B26E61 /* XCTest.framework in Frameworks */,
				CE0E434D18D5011300B26E61 /* UIKit.framework in Frameworks */,
				CE0E434C18D5011300B26E61 /* Foundation.framework in Frameworks */,
			);
			runOnlyForDeploymentPostprocessing = 0;
		};
/* End PBXFrameworksBuildPhase section */

/* Begin PBXGroup section */
		CE0E431518D5011200B26E61 = {
			isa = PBXGroup;
			children = (
				CE0E432918D5011300B26E61 /* Hungry Penguins */,
				CE0E435018D5011300B26E61 /* Hungry PenguinsTests */,
				CE0E432018D5011200B26E61 /* Frameworks */,
				CE0E431F18D5011200B26E61 /* Products */,
			);
			sourceTree = "<group>";
		};
		CE0E431F18D5011200B26E61 /* Products */ = {
			isa = PBXGroup;
			children = (
				CE0E431E18D5011200B26E61 /* Hungry Penguins.app */,
				CE0E434918D5011300B26E61 /* Hungry PenguinsTests.xctest */,
			);
			name = Products;
			sourceTree = "<group>";
		};
		CE0E432018D5011200B26E61 /* Frameworks */ = {
			isa = PBXGroup;
			children = (
				CE0E432118D5011200B26E61 /* Foundation.framework */,
				CE0E432318D5011300B26E61 /* CoreGraphics.framework */,
				CE0E432518D5011300B26E61 /* UIKit.framework */,
				CE0E432718D5011300B26E61 /* SpriteKit.framework */,
				CE0E434A18D5011300B26E61 /* XCTest.framework */,
			);
			name = Frameworks;
			sourceTree = "<group>";
		};
		CE0E432918D5011300B26E61 /* Hungry Penguins */ = {
			isa = PBXGroup;
			children = (
				CE0E433218D5011300B26E61 /* AppDelegate.h */,
				CE0E433318D5011300B26E61 /* AppDelegate.m */,
				CE0E433518D5011300B26E61 /* Main_iPhone.storyboard */,
				CE0E433818D5011300B26E61 /* Main_iPad.storyboard */,
				CE0E433B18D5011300B26E61 /* ViewController.h */,
				CE0E433C18D5011300B26E61 /* ViewController.m */,
				CE0E433E18D5011300B26E61 /* MyScene.h */,
				CE0E433F18D5011300B26E61 /* MyScene.m */,
				CE0E434118D5011300B26E61 /* Spaceship.png */,
				CE0E434318D5011300B26E61 /* Images.xcassets */,
				CE0E432A18D5011300B26E61 /* Supporting Files */,
			);
			path = "Hungry Penguins";
			sourceTree = "<group>";
		};
		CE0E432A18D5011300B26E61 /* Supporting Files */ = {
			isa = PBXGroup;
			children = (
				CE0E432B18D5011300B26E61 /* Hungry Penguins-Info.plist */,
				CE0E432C18D5011300B26E61 /* InfoPlist.strings */,
				CE0E432F18D5011300B26E61 /* main.m */,
				CE0E433118D5011300B26E61 /* Hungry Penguins-Prefix.pch */,
			);
			name = "Supporting Files";
			sourceTree = "<group>";
		};
		CE0E435018D5011300B26E61 /* Hungry PenguinsTests */ = {
			isa = PBXGroup;
			children = (
				CE0E435618D5011300B26E61 /* Hungry_PenguinsTests.m */,
				CE0E435118D5011300B26E61 /* Supporting Files */,
			);
			path = "Hungry PenguinsTests";
			sourceTree = "<group>";
		};
		CE0E435118D5011300B26E61 /* Supporting Files */ = {
			isa = PBXGroup;
			children = (
				CE0E435218D5011300B26E61 /* Hungry PenguinsTests-Info.plist */,
				CE0E435318D5011300B26E61 /* InfoPlist.strings */,
			);
			name = "Supporting Files";
			sourceTree = "<group>";
		};
/* End PBXGroup section */

/* Begin PBXNativeTarget section */
		CE0E431D18D5011200B26E61 /* Hungry Penguins */ = {
			isa = PBXNativeTarget;
			buildConfigurationList = CE0E435A18D5011300B26E61 /* Build configuration list for PBXNativeTarget "Hungry Penguins" */;
			buildPhases = (
				CE0E431A18D5011200B26E61 /* Sources */,
				CE0E431B18D5011200B26E61 /* Frameworks */,
				CE0E431C18D5011200B26E61 /* Resources */,
			);
			buildRules = (
			);
			dependencies = (
			);
			name = "Hungry Penguins";
			productName = "Hungry Penguins";
			productReference = CE0E431E18D5011200B26E61 /* Hungry Penguins.app */;
			productType = "com.apple.product-type.application";
		};
		CE0E434818D5011300B26E61 /* Hungry PenguinsTests */ = {
			isa = PBXNativeTarget;
			buildConfigurationList = CE0E435D18D5011300B26E61 /* Build configuration list for PBXNativeTarget "Hungry PenguinsTests" */;
			buildPhases = (
				CE0E434518D5011300B26E61 /* Sources */,
				CE0E434618D5011300B26E61 /* Frameworks */,
				CE0E434718D5011300B26E61 /* Resources */,
			);
			buildRules = (
			);
			dependencies = (
				CE0E434F18D5011300B26E61 /* PBXTargetDependency */,
			);
			name = "Hungry PenguinsTests";
			productName = "Hungry PenguinsTests";
			productReference = CE0E434918D5011300B26E61 /* Hungry PenguinsTests.xctest */;
			productType = "com.apple.product-type.bundle.unit-test";
		};
/* End PBXNativeTarget section */

/* Begin PBXProject section */
		CE0E431618D5011200B26E61 /* Project object */ = {
			isa = PBXProject;
			attributes = {
				LastUpgradeCheck = 0500;
				ORGANIZATIONNAME = "Sinklier, Nicholas";
				TargetAttributes = {
					CE0E434818D5011300B26E61 = {
						TestTargetID = CE0E431D18D5011200B26E61;
					};
				};
			};
			buildConfigurationList = CE0E431918D5011200B26E61 /* Build configuration list for PBXProject "Hungry Penguins" */;
			compatibilityVersion = "Xcode 3.2";
			developmentRegion = English;
			hasScannedForEncodings = 0;
			knownRegions = (
				en,
				Base,
			);
			mainGroup = CE0E431518D5011200B26E61;
			productRefGroup = CE0E431F18D5011200B26E61 /* Products */;
			projectDirPath = "";
			projectRoot = "";
			targets = (
				CE0E431D18D5011200B26E61 /* Hungry Penguins */,
				CE0E434818D5011300B26E61 /* Hungry PenguinsTests */,
			);
		};
/* End PBXProject section */

/* Begin PBXResourcesBuildPhase section */
		CE0E431C18D5011200B26E61 /* Resources */ = {
			isa = PBXResourcesBuildPhase;
			buildActionMask = 2147483647;
			files = (
				CE0E434218D5011300B26E61 /* Spaceship.png in Resources */,
				CE0E434418D5011300B26E61 /* Images.xcassets in Resources */,
				CE0E433A18D5011300B26E61 /* Main_iPad.storyboard in Resources */,
				CE0E433718D5011300B26E61 /* Main_iPhone.storyboard in Resources */,
				CE0E432E18D5011300B26E61 /* InfoPlist.strings in Resources */,
			);
			runOnlyForDeploymentPostprocessing = 0;
		};
		CE0E434718D5011300B26E61 /* Resources */ = {
			isa = PBXResourcesBuildPhase;
			buildActionMask = 2147483647;
			files = (
				CE0E435518D5011300B26E61 /* InfoPlist.strings in Resources */,
			);
			runOnlyForDeploymentPostprocessing = 0;
		};
/* End PBXResourcesBuildPhase section */

/* Begin PBXSourcesBuildPhase section */
		CE0E431A18D5011200B26E61 /* Sources */ = {
			isa = PBXSourcesBuildPhase;
			buildActionMask = 2147483647;
			files = (
				CE0E434018D5011300B26E61 /* MyScene.m in Sources */,
				CE0E433D18D5011300B26E61 /* ViewController.m in Sources */,
				CE0E433418D5011300B26E61 /* AppDelegate.m in Sources */,
				CE0E433018D5011300B26E61 /* main.m in Sources */,
			);
			runOnlyForDeploymentPostprocessing = 0;
		};
		CE0E434518D5011300B26E61 /* Sources */ = {
			isa = PBXSourcesBuildPhase;
			buildActionMask = 2147483647;
			files = (
				CE0E435718D5011300B26E61 /* Hungry_PenguinsTests.m in Sources */,
			);
			runOnlyForDeploymentPostprocessing = 0;
		};
/* End PBXSourcesBuildPhase section */

/* Begin PBXTargetDependency section */
		CE0E434F18D5011300B26E61 /* PBXTargetDependency */ = {
			isa = PBXTargetDependency;
			target = CE0E431D18D5011200B26E61 /* Hungry Penguins */;
			targetProxy = CE0E434E18D5011300B26E61 /* PBXContainerItemProxy */;
		};
/* End PBXTargetDependency section */

/* Begin PBXVariantGroup section */
		CE0E432C18D5011300B26E61 /* InfoPlist.strings */ = {
			isa = PBXVariantGroup;
			children = (
				CE0E432D18D5011300B26E61 /* en */,
			);
			name = InfoPlist.strings;
			sourceTree = "<group>";
		};
		CE0E433518D5011300B26E61 /* Main_iPhone.storyboard */ = {
			isa = PBXVariantGroup;
			children = (
				CE0E433618D5011300B26E61 /* Base */,
			);
			name = Main_iPhone.storyboard;
			sourceTree = "<group>";
		};
		CE0E433818D5011300B26E61 /* Main_iPad.storyboard */ = {
			isa = PBXVariantGroup;
			children = (
				CE0E433918D5011300B26E61 /* Base */,
			);
			name = Main_iPad.storyboard;
			sourceTree = "<group>";
		};
		CE0E435318D5011300B26E61 /* InfoPlist.strings */ = {
			isa = PBXVariantGroup;
			children = (
				CE0E435418D5011300B26E61 /* en */,
			);
			name = InfoPlist.strings;
			sourceTree = "<group>";
		};
/* End PBXVariantGroup section */

/* Begin XCBuildConfiguration section */
		CE0E435818D5011300B26E61 /* Debug */ = {
			isa = XCBuildConfiguration;
			buildSettings = {
				ALWAYS_SEARCH_USER_PATHS = NO;
				ARCHS = "$(ARCHS_STANDARD_INCLUDING_64_BIT)";
				CLANG_CXX_LANGUAGE_STANDARD = "gnu++0x";
				CLANG_CXX_LIBRARY = "libc++";
				CLANG_ENABLE_MODULES = YES;
				CLANG_ENABLE_OBJC_ARC = YES;
				CLANG_WARN_BOOL_CONVERSION = YES;
				CLANG_WARN_CONSTANT_CONVERSION = YES;
				CLANG_WARN_DIRECT_OBJC_ISA_USAGE = YES_ERROR;
				CLANG_WARN_EMPTY_BODY = YES;
				CLANG_WARN_ENUM_CONVERSION = YES;
				CLANG_WARN_INT_CONVERSION = YES;
				CLANG_WARN_OBJC_ROOT_CLASS = YES_ERROR;
				CLANG_WARN__DUPLICATE_METHOD_MATCH = YES;
				"CODE_SIGN_IDENTITY[sdk=iphoneos*]" = "iPhone Developer";
				COPY_PHASE_STRIP = NO;
				GCC_C_LANGUAGE_STANDARD = gnu99;
				GCC_DYNAMIC_NO_PIC = NO;
				GCC_OPTIMIZATION_LEVEL = 0;
				GCC_PREPROCESSOR_DEFINITIONS = (
					"DEBUG=1",
					"$(inherited)",
				);
				GCC_SYMBOLS_PRIVATE_EXTERN = NO;
				GCC_WARN_64_TO_32_BIT_CONVERSION = YES;
				GCC_WARN_ABOUT_RETURN_TYPE = YES_ERROR;
				GCC_WARN_UNDECLARED_SELECTOR = YES;
				GCC_WARN_UNINITIALIZED_AUTOS = YES;
				GCC_WARN_UNUSED_FUNCTION = YES;
				GCC_WARN_UNUSED_VARIABLE = YES;
				IPHONEOS_DEPLOYMENT_TARGET = 7.0;
				ONLY_ACTIVE_ARCH = YES;
				SDKROOT = iphoneos;
				TARGETED_DEVICE_FAMILY = "1,2";
			};
			name = Debug;
		};
		CE0E435918D5011300B26E61 /* Release */ = {
			isa = XCBuildConfiguration;
			buildSettings = {
				ALWAYS_SEARCH_USER_PATHS = NO;
				ARCHS = "$(ARCHS_STANDARD_INCLUDING_64_BIT)";
				CLANG_CXX_LANGUAGE_STANDARD = "gnu++0x";
				CLANG_CXX_LIBRARY = "libc++";
				CLANG_ENABLE_MODULES = YES;
				CLANG_ENABLE_OBJC_ARC = YES;
				CLANG_WARN_BOOL_CONVERSION = YES;
				CLANG_WARN_CONSTANT_CONVERSION = YES;
				CLANG_WARN_DIRECT_OBJC_ISA_USAGE = YES_ERROR;
				CLANG_WARN_EMPTY_BODY = YES;
				CLANG_WARN_ENUM_CONVERSION = YES;
				CLANG_WARN_INT_CONVERSION = YES;
				CLANG_WARN_OBJC_ROOT_CLASS = YES_ERROR;
				CLANG_WARN__DUPLICATE_METHOD_MATCH = YES;
				"CODE_SIGN_IDENTITY[sdk=iphoneos*]" = "iPhone Developer";
				COPY_PHASE_STRIP = YES;
				ENABLE_NS_ASSERTIONS = NO;
				GCC_C_LANGUAGE_STANDARD = gnu99;
				GCC_WARN_64_TO_32_BIT_CONVERSION = YES;
				GCC_WARN_ABOUT_RETURN_TYPE = YES_ERROR;
				GCC_WARN_UNDECLARED_SELECTOR = YES;
				GCC_WARN_UNINITIALIZED_AUTOS = YES;
				GCC_WARN_UNUSED_FUNCTION = YES;
				GCC_WARN_UNUSED_VARIABLE = YES;
				IPHONEOS_DEPLOYMENT_TARGET = 7.0;
				SDKROOT = iphoneos;
				TARGETED_DEVICE_FAMILY = "1,2";
				VALIDATE_PRODUCT = YES;
			};
			name = Release;
		};
		CE0E435B18D5011300B26E61 /* Debug */ = {
			isa = XCBuildConfiguration;
			buildSettings = {
				ASSETCATALOG_COMPILER_APPICON_NAME = AppIcon;
				ASSETCATALOG_COMPILER_LAUNCHIMAGE_NAME = LaunchImage;
				GCC_PRECOMPILE_PREFIX_HEADER = YES;
				GCC_PREFIX_HEADER = "Hungry Penguins/Hungry Penguins-Prefix.pch";
				INFOPLIST_FILE = "Hungry Penguins/Hungry Penguins-Info.plist";
				PRODUCT_NAME = "$(TARGET_NAME)";
				SPRITEKIT_TEXTURE_ATLAS_OUTPUT = YES;
				WRAPPER_EXTENSION = app;
			};
			name = Debug;
		};
		CE0E435C18D5011300B26E61 /* Release */ = {
			isa = XCBuildConfiguration;
			buildSettings = {
				ASSETCATALOG_COMPILER_APPICON_NAME = AppIcon;
				ASSETCATALOG_COMPILER_LAUNCHIMAGE_NAME = LaunchImage;
				GCC_PRECOMPILE_PREFIX_HEADER = YES;
				GCC_PREFIX_HEADER = "Hungry Penguins/Hungry Penguins-Prefix.pch";
				INFOPLIST_FILE = "Hungry Penguins/Hungry Penguins-Info.plist";
				PRODUCT_NAME = "$(TARGET_NAME)";
				SPRITEKIT_TEXTURE_ATLAS_OUTPUT = YES;
				WRAPPER_EXTENSION = app;
			};
			name = Release;
		};
		CE0E435E18D5011300B26E61 /* Debug */ = {
			isa = XCBuildConfiguration;
			buildSettings = {
				ARCHS = "$(ARCHS_STANDARD_INCLUDING_64_BIT)";
				BUNDLE_LOADER = "$(BUILT_PRODUCTS_DIR)/Hungry Penguins.app/Hungry Penguins";
				FRAMEWORK_SEARCH_PATHS = (
					"$(SDKROOT)/Developer/Library/Frameworks",
					"$(inherited)",
					"$(DEVELOPER_FRAMEWORKS_DIR)",
				);
				GCC_PRECOMPILE_PREFIX_HEADER = YES;
				GCC_PREFIX_HEADER = "Hungry Penguins/Hungry Penguins-Prefix.pch";
				GCC_PREPROCESSOR_DEFINITIONS = (
					"DEBUG=1",
					"$(inherited)",
				);
				INFOPLIST_FILE = "Hungry PenguinsTests/Hungry PenguinsTests-Info.plist";
				PRODUCT_NAME = "$(TARGET_NAME)";
				TEST_HOST = "$(BUNDLE_LOADER)";
				WRAPPER_EXTENSION = xctest;
			};
			name = Debug;
		};
		CE0E435F18D5011300B26E61 /* Release */ = {
			isa = XCBuildConfiguration;
			buildSettings = {
				ARCHS = "$(ARCHS_STANDARD_INCLUDING_64_BIT)";
				BUNDLE_LOADER = "$(BUILT_PRODUCTS_DIR)/Hungry Penguins.app/Hungry Penguins";
				FRAMEWORK_SEARCH_PATHS = (
					"$(SDKROOT)/Developer/Library/Frameworks",
					"$(inherited)",
					"$(DEVELOPER_FRAMEWORKS_DIR)",
				);
				GCC_PRECOMPILE_PREFIX_HEADER = YES;
				GCC_PREFIX_HEADER = "Hungry Penguins/Hungry Penguins-Prefix.pch";
				INFOPLIST_FILE = "Hungry PenguinsTests/Hungry PenguinsTests-Info.plist";
				PRODUCT_NAME = "$(TARGET_NAME)";
				TEST_HOST = "$(BUNDLE_LOADER)";
				WRAPPER_EXTENSION = xctest;
			};
			name = Release;
		};
/* End XCBuildConfiguration section */

/* Begin XCConfigurationList section */
		CE0E431918D5011200B26E61 /* Build configuration list for PBXProject "Hungry Penguins" */ = {
			isa = XCConfigurationList;
			buildConfigurations = (
				CE0E435818D5011300B26E61 /* Debug */,
				CE0E435918D5011300B26E61 /* Release */,
			);
			defaultConfigurationIsVisible = 0;
			defaultConfigurationName = Release;
		};
		CE0E435A18D5011300B26E61 /* Build configuration list for PBXNativeTarget "Hungry Penguins" */ = {
			isa = XCConfigurationList;
			buildConfigurations = (
				CE0E435B18D5011300B26E61 /* Debug */,
				CE0E435C18D5011300B26E61 /* Release */,
			);
			defaultConfigurationIsVisible = 0;
		};
		CE0E435D18D5011300B26E61 /* Build configuration list for PBXNativeTarget "Hungry PenguinsTests" */ = {
			isa = XCConfigurationList;
			buildConfigurations = (
				CE0E435E18D5011300B26E61 /* Debug */,
				CE0E435F18D5011300B26E61 /* Release */,
			);
			defaultConfigurationIsVisible = 0;
		};
/* End XCConfigurationList section */
	};
	rootObject = CE0E431618D5011200B26E61 /* Project object */;
}
